# This file is automatically @generated by Cargo.
# It is not intended for manual editing.
version = 4

[[package]]
name = "an_a_vm"
version = "2.1.0"
source = "git+https://www.github.com/verdex/an_a_vm?tag=release-2.1.0#ab5f3e5d769a8501815f24fcb5052916b0cc8278"

[[package]]
name = "ezth"
version = "0.1.0"
dependencies = [
 "an_a_vm",
]
