# This file is automatically @generated by Cargo.
# It is not intended for manual editing.
version = 4

[[package]]
name = "an_a_vm"
version = "2.0.0"
source = "git+https://www.github.com/verdex/an_a_vm?tag=release-2.0.0#1a28fbe4a3a4249814fc0e4049c81d0739a68c7d"

[[package]]
name = "ezth"
version = "0.1.0"
dependencies = [
 "an_a_vm",
]
